{
  "name": "training",
  "version": "0.0.1",
  "lockfileVersion": 1,
  "requires": true,
  "dependencies": {
    "i18n-js": {
      "version": "3.0.8",
      "resolved": "https://registry.npmjs.org/i18n-js/-/i18n-js-3.0.8.tgz",
      "integrity": "sha512-RHQpoTNG46J8AfnewTQxrvmMGqazLxqCQ0eQx4kh55LJEFQmIzbeGEO8WfPJX+7LXUNtXM5nczu1VlZoDOzgSw=="
    },
    "react-native-i18n": {
      "version": "2.0.12",
      "resolved": "https://registry.npmjs.org/react-native-i18n/-/react-native-i18n-2.0.12.tgz",
      "integrity": "sha512-2eTUk7BVZP5knthCmVt6y7rePFwrxXl4ym2I20e91oTYJnKM22sAjQMnLhRCYZWC4ucRBbe2pUp63uxNdTkkQw==",
      "requires": {
        "i18n-js": "3.0.8"
      }
    }
  }
}
